// !$*UTF8*$!
{
	archiveVersion = 1;
	classes = {
	};
	objectVersion = 50;
	objects = {

/* Begin PBXBuildFile section */
		7C03740525159A53007D572B /* Grid.swift in Sources */ = {isa = PBXBuildFile; fileRef = 7C03740425159A53007D572B /* Grid.swift */; };
		7C0374082516889D007D572B /* GridLayout.swift in Sources */ = {isa = PBXBuildFile; fileRef = 7C0374072516889D007D572B /* GridLayout.swift */; };
		7C03740B25169013007D572B /* Array+Identifiable.swift in Sources */ = {isa = PBXBuildFile; fileRef = 7C03740A25169013007D572B /* Array+Identifiable.swift */; };
		7C03740F2516C55A007D572B /* Arrat+Only.swift in Sources */ = {isa = PBXBuildFile; fileRef = 7C03740E2516C55A007D572B /* Arrat+Only.swift */; };
		7C9C670F24D525E20041C2C8 /* AppDelegate.swift in Sources */ = {isa = PBXBuildFile; fileRef = 7C9C670E24D525E20041C2C8 /* AppDelegate.swift */; };
		7C9C671124D525E20041C2C8 /* SceneDelegate.swift in Sources */ = {isa = PBXBuildFile; fileRef = 7C9C671024D525E20041C2C8 /* SceneDelegate.swift */; };
		7C9C671324D525E20041C2C8 /* EmojiMemoryGameView.swift in Sources */ = {isa = PBXBuildFile; fileRef = 7C9C671224D525E20041C2C8 /* EmojiMemoryGameView.swift */; };
		7C9C671524D525E60041C2C8 /* Assets.xcassets in Resources */ = {isa = PBXBuildFile; fileRef = 7C9C671424D525E60041C2C8 /* Assets.xcassets */; };
		7C9C671824D525E60041C2C8 /* Preview Assets.xcassets in Resources */ = {isa = PBXBuildFile; fileRef = 7C9C671724D525E60041C2C8 /* Preview Assets.xcassets */; };
		7C9C671B24D525E60041C2C8 /* LaunchScreen.storyboard in Resources */ = {isa = PBXBuildFile; fileRef = 7C9C671924D525E60041C2C8 /* LaunchScreen.storyboard */; };
		7C9C672324D7099F0041C2C8 /* MemoryGame.swift in Sources */ = {isa = PBXBuildFile; fileRef = 7C9C672224D7099F0041C2C8 /* MemoryGame.swift */; };
		7C9C672524D70D020041C2C8 /* EmojiMemoryGame.swift in Sources */ = {isa = PBXBuildFile; fileRef = 7C9C672424D70D020041C2C8 /* EmojiMemoryGame.swift */; };
		7CC944492529065000F9A38B /* Pie.swift in Sources */ = {isa = PBXBuildFile; fileRef = 7CC944482529065000F9A38B /* Pie.swift */; };
		7CC9445025298C5600F9A38B /* Cardify.swift in Sources */ = {isa = PBXBuildFile; fileRef = 7CC9444F25298C5600F9A38B /* Cardify.swift */; };
/* End PBXBuildFile section */

/* Begin PBXFileReference section */
		7C03740425159A53007D572B /* Grid.swift */ = {isa = PBXFileReference; lastKnownFileType = sourcecode.swift; path = Grid.swift; sourceTree = "<group>"; };
		7C0374072516889D007D572B /* GridLayout.swift */ = {isa = PBXFileReference; fileEncoding = 4; lastKnownFileType = sourcecode.swift; path = GridLayout.swift; sourceTree = "<group>"; };
		7C03740A25169013007D572B /* Array+Identifiable.swift */ = {isa = PBXFileReference; lastKnownFileType = sourcecode.swift; path = "Array+Identifiable.swift"; sourceTree = "<group>"; };
		7C03740E2516C55A007D572B /* Arrat+Only.swift */ = {isa = PBXFileReference; lastKnownFileType = sourcecode.swift; path = "Arrat+Only.swift"; sourceTree = "<group>"; };
		7C9C670B24D525E20041C2C8 /* memorize.app */ = {isa = PBXFileReference; explicitFileType = wrapper.application; includeInIndex = 0; path = memorize.app; sourceTree = BUILT_PRODUCTS_DIR; };
		7C9C670E24D525E20041C2C8 /* AppDelegate.swift */ = {isa = PBXFileReference; lastKnownFileType = sourcecode.swift; path = AppDelegate.swift; sourceTree = "<group>"; };
		7C9C671024D525E20041C2C8 /* SceneDelegate.swift */ = {isa = PBXFileReference; lastKnownFileType = sourcecode.swift; path = SceneDelegate.swift; sourceTree = "<group>"; };
		7C9C671224D525E20041C2C8 /* EmojiMemoryGameView.swift */ = {isa = PBXFileReference; lastKnownFileType = sourcecode.swift; path = EmojiMemoryGameView.swift; sourceTree = "<group>"; };
		7C9C671424D525E60041C2C8 /* Assets.xcassets */ = {isa = PBXFileReference; lastKnownFileType = folder.assetcatalog; path = Assets.xcassets; sourceTree = "<group>"; };
		7C9C671724D525E60041C2C8 /* Preview Assets.xcassets */ = {isa = PBXFileReference; lastKnownFileType = folder.assetcatalog; path = "Preview Assets.xcassets"; sourceTree = "<group>"; };
		7C9C671A24D525E60041C2C8 /* Base */ = {isa = PBXFileReference; lastKnownFileType = file.storyboard; name = Base; path = Base.lproj/LaunchScreen.storyboard; sourceTree = "<group>"; };
		7C9C671C24D525E60041C2C8 /* Info.plist */ = {isa = PBXFileReference; lastKnownFileType = text.plist.xml; path = Info.plist; sourceTree = "<group>"; };
		7C9C672224D7099F0041C2C8 /* MemoryGame.swift */ = {isa = PBXFileReference; lastKnownFileType = sourcecode.swift; path = MemoryGame.swift; sourceTree = "<group>"; };
		7C9C672424D70D020041C2C8 /* EmojiMemoryGame.swift */ = {isa = PBXFileReference; lastKnownFileType = sourcecode.swift; path = EmojiMemoryGame.swift; sourceTree = "<group>"; };
		7CC944482529065000F9A38B /* Pie.swift */ = {isa = PBXFileReference; lastKnownFileType = sourcecode.swift; path = Pie.swift; sourceTree = "<group>"; };
		7CC9444F25298C5600F9A38B /* Cardify.swift */ = {isa = PBXFileReference; lastKnownFileType = sourcecode.swift; path = Cardify.swift; sourceTree = "<group>"; };
/* End PBXFileReference section */

/* Begin PBXFrameworksBuildPhase section */
		7C9C670824D525E20041C2C8 /* Frameworks */ = {
			isa = PBXFrameworksBuildPhase;
			buildActionMask = 2147483647;
			files = (
			);
			runOnlyForDeploymentPostprocessing = 0;
		};
/* End PBXFrameworksBuildPhase section */

/* Begin PBXGroup section */
		7C9C670224D525E20041C2C8 = {
			isa = PBXGroup;
			children = (
				7C9C670D24D525E20041C2C8 /* memorize */,
				7C9C670C24D525E20041C2C8 /* Products */,
			);
			sourceTree = "<group>";
		};
		7C9C670C24D525E20041C2C8 /* Products */ = {
			isa = PBXGroup;
			children = (
				7C9C670B24D525E20041C2C8 /* memorize.app */,
			);
			name = Products;
			sourceTree = "<group>";
		};
		7C9C670D24D525E20041C2C8 /* memorize */ = {
			isa = PBXGroup;
			children = (
				7C9C670E24D525E20041C2C8 /* AppDelegate.swift */,
				7C03740A25169013007D572B /* Array+Identifiable.swift */,
				7C03740E2516C55A007D572B /* Arrat+Only.swift */,
				7C9C671024D525E20041C2C8 /* SceneDelegate.swift */,
				7C9C671224D525E20041C2C8 /* EmojiMemoryGameView.swift */,
				7CC9444F25298C5600F9A38B /* Cardify.swift */,
				7CC944482529065000F9A38B /* Pie.swift */,
				7C9C672424D70D020041C2C8 /* EmojiMemoryGame.swift */,
				7C03740425159A53007D572B /* Grid.swift */,
				7C0374072516889D007D572B /* GridLayout.swift */,
				7C9C672224D7099F0041C2C8 /* MemoryGame.swift */,
				7C9C671424D525E60041C2C8 /* Assets.xcassets */,
				7C9C671924D525E60041C2C8 /* LaunchScreen.storyboard */,
				7C9C671C24D525E60041C2C8 /* Info.plist */,
				7C9C671624D525E60041C2C8 /* Preview Content */,
			);
			path = memorize;
			sourceTree = "<group>";
		};
		7C9C671624D525E60041C2C8 /* Preview Content */ = {
			isa = PBXGroup;
			children = (
				7C9C671724D525E60041C2C8 /* Preview Assets.xcassets */,
			);
			path = "Preview Content";
			sourceTree = "<group>";
		};
/* End PBXGroup section */

/* Begin PBXNativeTarget section */
		7C9C670A24D525E20041C2C8 /* memorize */ = {
			isa = PBXNativeTarget;
			buildConfigurationList = 7C9C671F24D525E60041C2C8 /* Build configuration list for PBXNativeTarget "memorize" */;
			buildPhases = (
				7C9C670724D525E20041C2C8 /* Sources */,
				7C9C670824D525E20041C2C8 /* Frameworks */,
				7C9C670924D525E20041C2C8 /* Resources */,
			);
			buildRules = (
			);
			dependencies = (
			);
			name = memorize;
			productName = memorize;
			productReference = 7C9C670B24D525E20041C2C8 /* memorize.app */;
			productType = "com.apple.product-type.application";
		};
/* End PBXNativeTarget section */

/* Begin PBXProject section */
		7C9C670324D525E20041C2C8 /* Project object */ = {
			isa = PBXProject;
			attributes = {
				LastSwiftUpdateCheck = 1160;
				LastUpgradeCheck = 1200;
				ORGANIZATIONNAME = "Felipe Araujo";
				TargetAttributes = {
					7C9C670A24D525E20041C2C8 = {
						CreatedOnToolsVersion = 11.6;
					};
				};
			};
			buildConfigurationList = 7C9C670624D525E20041C2C8 /* Build configuration list for PBXProject "memorize" */;
			compatibilityVersion = "Xcode 9.3";
			developmentRegion = en;
			hasScannedForEncodings = 0;
			knownRegions = (
				en,
				Base,
			);
			mainGroup = 7C9C670224D525E20041C2C8;
			productRefGroup = 7C9C670C24D525E20041C2C8 /* Products */;
			projectDirPath = "";
			projectRoot = "";
			targets = (
				7C9C670A24D525E20041C2C8 /* memorize */,
			);
		};
/* End PBXProject section */

/* Begin PBXResourcesBuildPhase section */
		7C9C670924D525E20041C2C8 /* Resources */ = {
			isa = PBXResourcesBuildPhase;
			buildActionMask = 2147483647;
			files = (
				7C9C671B24D525E60041C2C8 /* LaunchScreen.storyboard in Resources */,
				7C9C671824D525E60041C2C8 /* Preview Assets.xcassets in Resources */,
				7C9C671524D525E60041C2C8 /* Assets.xcassets in Resources */,
			);
			runOnlyForDeploymentPostprocessing = 0;
		};
/* End PBXResourcesBuildPhase section */

/* Begin PBXSourcesBuildPhase section */
		7C9C670724D525E20041C2C8 /* Sources */ = {
			isa = PBXSourcesBuildPhase;
			buildActionMask = 2147483647;
			files = (
				7CC9445025298C5600F9A38B /* Cardify.swift in Sources */,
				7CC944492529065000F9A38B /* Pie.swift in Sources */,
				7C9C670F24D525E20041C2C8 /* AppDelegate.swift in Sources */,
				7C9C671124D525E20041C2C8 /* SceneDelegate.swift in Sources */,
				7C9C672324D7099F0041C2C8 /* MemoryGame.swift in Sources */,
				7C9C671324D525E20041C2C8 /* EmojiMemoryGameView.swift in Sources */,
				7C9C672524D70D020041C2C8 /* EmojiMemoryGame.swift in Sources */,
				7C03740B25169013007D572B /* Array+Identifiable.swift in Sources */,
				7C0374082516889D007D572B /* GridLayout.swift in Sources */,
				7C03740F2516C55A007D572B /* Arrat+Only.swift in Sources */,
				7C03740525159A53007D572B /* Grid.swift in Sources */,
			);
			runOnlyForDeploymentPostprocessing = 0;
		};
/* End PBXSourcesBuildPhase section */

/* Begin PBXVariantGroup section */
		7C9C671924D525E60041C2C8 /* LaunchScreen.storyboard */ = {
			isa = PBXVariantGroup;
			children = (
				7C9C671A24D525E60041C2C8 /* Base */,
			);
			name = LaunchScreen.storyboard;
			sourceTree = "<group>";
		};
/* End PBXVariantGroup section */

/* Begin XCBuildConfiguration section */
		7C9C671D24D525E60041C2C8 /* Debug */ = {
			isa = XCBuildConfiguration;
			buildSettings = {
				ALWAYS_SEARCH_USER_PATHS = NO;
				CLANG_ANALYZER_NONNULL = YES;
				CLANG_ANALYZER_NUMBER_OBJECT_CONVERSION = YES_AGGRESSIVE;
				CLANG_CXX_LANGUAGE_STANDARD = "gnu++14";
				CLANG_CXX_LIBRARY = "libc++";
				CLANG_ENABLE_MODULES = YES;
				CLANG_ENABLE_OBJC_ARC = YES;
				CLANG_ENABLE_OBJC_WEAK = YES;
				CLANG_WARN_BLOCK_CAPTURE_AUTORELEASING = YES;
				CLANG_WARN_BOOL_CONVERSION = YES;
				CLANG_WARN_COMMA = YES;
				CLANG_WARN_CONSTANT_CONVERSION = YES;
				CLANG_WARN_DEPRECATED_OBJC_IMPLEMENTATIONS = YES;
				CLANG_WARN_DIRECT_OBJC_ISA_USAGE = YES_ERROR;
				CLANG_WARN_DOCUMENTATION_COMMENTS = YES;
				CLANG_WARN_EMPTY_BODY = YES;
				CLANG_WARN_ENUM_CONVERSION = YES;
				CLANG_WARN_INFINITE_RECURSION = YES;
				CLANG_WARN_INT_CONVERSION = YES;
				CLANG_WARN_NON_LITERAL_NULL_CONVERSION = YES;
				CLANG_WARN_OBJC_IMPLICIT_RETAIN_SELF = YES;
				CLANG_WARN_OBJC_LITERAL_CONVERSION = YES;
				CLANG_WARN_OBJC_ROOT_CLASS = YES_ERROR;
				CLANG_WARN_QUOTED_INCLUDE_IN_FRAMEWORK_HEADER = YES;
				CLANG_WARN_RANGE_LOOP_ANALYSIS = YES;
				CLANG_WARN_STRICT_PROTOTYPES = YES;
				CLANG_WARN_SUSPICIOUS_MOVE = YES;
				CLANG_WARN_UNGUARDED_AVAILABILITY = YES_AGGRESSIVE;
				CLANG_WARN_UNREACHABLE_CODE = YES;
				CLANG_WARN__DUPLICATE_METHOD_MATCH = YES;
				COPY_PHASE_STRIP = NO;
				DEBUG_INFORMATION_FORMAT = dwarf;
				ENABLE_STRICT_OBJC_MSGSEND = YES;
				ENABLE_TESTABILITY = YES;
				GCC_C_LANGUAGE_STANDARD = gnu11;
				GCC_DYNAMIC_NO_PIC = NO;
				GCC_NO_COMMON_BLOCKS = YES;
				GCC_OPTIMIZATION_LEVEL = 0;
				GCC_PREPROCESSOR_DEFINITIONS = (
					"DEBUG=1",
					"$(inherited)",
				);
				GCC_WARN_64_TO_32_BIT_CONVERSION = YES;
				GCC_WARN_ABOUT_RETURN_TYPE = YES_ERROR;
				GCC_WARN_UNDECLARED_SELECTOR = YES;
				GCC_WARN_UNINITIALIZED_AUTOS = YES_AGGRESSIVE;
				GCC_WARN_UNUSED_FUNCTION = YES;
				GCC_WARN_UNUSED_VARIABLE = YES;
				IPHONEOS_DEPLOYMENT_TARGET = 13.0;
				MTL_ENABLE_DEBUG_INFO = INCLUDE_SOURCE;
				MTL_FAST_MATH = YES;
				ONLY_ACTIVE_ARCH = YES;
				SDKROOT = iphoneos;
				SWIFT_ACTIVE_COMPILATION_CONDITIONS = DEBUG;
				SWIFT_OPTIMIZATION_LEVEL = "-Onone";
			};
			name = Debug;
		};
		7C9C671E24D525E60041C2C8 /* Release */ = {
			isa = XCBuildConfiguration;
			buildSettings = {
				ALWAYS_SEARCH_USER_PATHS = NO;
				CLANG_ANALYZER_NONNULL = YES;
				CLANG_ANALYZER_NUMBER_OBJECT_CONVERSION = YES_AGGRESSIVE;
				CLANG_CXX_LANGUAGE_STANDARD = "gnu++14";
				CLANG_CXX_LIBRARY = "libc++";
				CLANG_ENABLE_MODULES = YES;
				CLANG_ENABLE_OBJC_ARC = YES;
				CLANG_ENABLE_OBJC_WEAK = YES;
				CLANG_WARN_BLOCK_CAPTURE_AUTORELEASING = YES;
				CLANG_WARN_BOOL_CONVERSION = YES;
				CLANG_WARN_COMMA = YES;
				CLANG_WARN_CONSTANT_CONVERSION = YES;
				CLANG_WARN_DEPRECATED_OBJC_IMPLEMENTATIONS = YES;
				CLANG_WARN_DIRECT_OBJC_ISA_USAGE = YES_ERROR;
				CLANG_WARN_DOCUMENTATION_COMMENTS = YES;
				CLANG_WARN_EMPTY_BODY = YES;
				CLANG_WARN_ENUM_CONVERSION = YES;
				CLANG_WARN_INFINITE_RECURSION = YES;
				CLANG_WARN_INT_CONVERSION = YES;
				CLANG_WARN_NON_LITERAL_NULL_CONVERSION = YES;
				CLANG_WARN_OBJC_IMPLICIT_RETAIN_SELF = YES;
				CLANG_WARN_OBJC_LITERAL_CONVERSION = YES;
				CLANG_WARN_OBJC_ROOT_CLASS = YES_ERROR;
				CLANG_WARN_QUOTED_INCLUDE_IN_FRAMEWORK_HEADER = YES;
				CLANG_WARN_RANGE_LOOP_ANALYSIS = YES;
				CLANG_WARN_STRICT_PROTOTYPES = YES;
				CLANG_WARN_SUSPICIOUS_MOVE = YES;
				CLANG_WARN_UNGUARDED_AVAILABILITY = YES_AGGRESSIVE;
				CLANG_WARN_UNREACHABLE_CODE = YES;
				CLANG_WARN__DUPLICATE_METHOD_MATCH = YES;
				COPY_PHASE_STRIP = NO;
				DEBUG_INFORMATION_FORMAT = "dwarf-with-dsym";
				ENABLE_NS_ASSERTIONS = NO;
				ENABLE_STRICT_OBJC_MSGSEND = YES;
				GCC_C_LANGUAGE_STANDARD = gnu11;
				GCC_NO_COMMON_BLOCKS = YES;
				GCC_WARN_64_TO_32_BIT_CONVERSION = YES;
				GCC_WARN_ABOUT_RETURN_TYPE = YES_ERROR;
				GCC_WARN_UNDECLARED_SELECTOR = YES;
				GCC_WARN_UNINITIALIZED_AUTOS = YES_AGGRESSIVE;
				GCC_WARN_UNUSED_FUNCTION = YES;
				GCC_WARN_UNUSED_VARIABLE = YES;
				IPHONEOS_DEPLOYMENT_TARGET = 13.0;
				MTL_ENABLE_DEBUG_INFO = NO;
				MTL_FAST_MATH = YES;
				SDKROOT = iphoneos;
				SWIFT_COMPILATION_MODE = wholemodule;
				SWIFT_OPTIMIZATION_LEVEL = "-O";
				VALIDATE_PRODUCT = YES;
			};
			name = Release;
		};
		7C9C672024D525E60041C2C8 /* Debug */ = {
			isa = XCBuildConfiguration;
			buildSettings = {
				ASSETCATALOG_COMPILER_APPICON_NAME = AppIcon;
				CODE_SIGN_STYLE = Automatic;
				DEVELOPMENT_ASSET_PATHS = "\"memorize/Preview Content\"";
				DEVELOPMENT_TEAM = RY9BLJ67LB;
				ENABLE_PREVIEWS = YES;
				INFOPLIST_FILE = memorize/Info.plist;
				LD_RUNPATH_SEARCH_PATHS = (
					"$(inherited)",
					"@executable_path/Frameworks",
				);
				PRODUCT_BUNDLE_IDENTIFIER = edu.stanford.cs193p.felipearaujo.memorize;
				PRODUCT_NAME = "$(TARGET_NAME)";
				SWIFT_VERSION = 5.0;
				TARGETED_DEVICE_FAMILY = "1,2";
			};
			name = Debug;
		};
		7C9C672124D525E60041C2C8 /* Release */ = {
			isa = XCBuildConfiguration;
			buildSettings = {
				ASSETCATALOG_COMPILER_APPICON_NAME = AppIcon;
				CODE_SIGN_STYLE = Automatic;
				DEVELOPMENT_ASSET_PATHS = "\"memorize/Preview Content\"";
				DEVELOPMENT_TEAM = RY9BLJ67LB;
				ENABLE_PREVIEWS = YES;
				INFOPLIST_FILE = memorize/Info.plist;
				LD_RUNPATH_SEARCH_PATHS = (
					"$(inherited)",
					"@executable_path/Frameworks",
				);
				PRODUCT_BUNDLE_IDENTIFIER = edu.stanford.cs193p.felipearaujo.memorize;
				PRODUCT_NAME = "$(TARGET_NAME)";
				SWIFT_VERSION = 5.0;
				TARGETED_DEVICE_FAMILY = "1,2";
			};
			name = Release;
		};
/* End XCBuildConfiguration section */

/* Begin XCConfigurationList section */
		7C9C670624D525E20041C2C8 /* Build configuration list for PBXProject "memorize" */ = {
			isa = XCConfigurationList;
			buildConfigurations = (
				7C9C671D24D525E60041C2C8 /* Debug */,
				7C9C671E24D525E60041C2C8 /* Release */,
			);
			defaultConfigurationIsVisible = 0;
			defaultConfigurationName = Release;
		};
		7C9C671F24D525E60041C2C8 /* Build configuration list for PBXNativeTarget "memorize" */ = {
			isa = XCConfigurationList;
			buildConfigurations = (
				7C9C672024D525E60041C2C8 /* Debug */,
				7C9C672124D525E60041C2C8 /* Release */,
			);
			defaultConfigurationIsVisible = 0;
			defaultConfigurationName = Release;
		};
/* End XCConfigurationList section */
	};
	rootObject = 7C9C670324D525E20041C2C8 /* Project object */;
}
